
Microsoft Visual Studio Solution File, Format Version 12.00
# Visual Studio Version 17
VisualStudioVersion = 17.5.33516.290
MinimumVisualStudioVersion = 10.0.40219.1
Project("{FAE04EC0-301F-11D3-BF4B-00C04F79EFBC}") = "MultiUserBank_WilkersonV1", "MultiUserBank_WilkersonV1\MultiUserBank_WilkersonV1.csproj", "{E74CB485-FCE6-4074-9261-3BB8FB19ADFE}"
EndProject
Global
	GlobalSection(SolutionConfigurationPlatforms) = preSolution
		Debug|Any CPU = Debug|Any CPU
		Release|Any CPU = Release|Any CPU
	EndGlobalSection
	GlobalSection(ProjectConfigurationPlatforms) = postSolution
		{E74CB485-FCE6-4074-9261-3BB8FB19ADFE}.Debug|Any CPU.ActiveCfg = Debug|Any CPU
		{E74CB485-FCE6-4074-9261-3BB8FB19ADFE}.Debug|Any CPU.Build.0 = Debug|Any CPU
		{E74CB485-FCE6-4074-9261-3BB8FB19ADFE}.Release|Any CPU.ActiveCfg = Release|Any CPU
		{E74CB485-FCE6-4074-9261-3BB8FB19ADFE}.Release|Any CPU.Build.0 = Release|Any CPU
	EndGlobalSection
	GlobalSection(SolutionProperties) = preSolution
		HideSolutionNode = FALSE
	EndGlobalSection
	GlobalSection(ExtensibilityGlobals) = postSolution
		SolutionGuid = {DB86B244-0439-4BE8-BC89-26A603A44A72}
	EndGlobalSection
EndGlobal
